Microsoft Visual Studio Solution File, Format Version 11.00
# Visual Studio 2008

Project("{23643FDE-D05D-05DC-2961-6A4738C47841}") = "MansionEscape_3.2", "Assembly-CSharp-firstpass.csproj", "{45BF6DB7-435C-39D3-96AF-4ECF4E7AE56E}"
EndProject
Project("{23643FDE-D05D-05DC-2961-6A4738C47841}") = "MansionEscape_3.2", "Assembly-CSharp.csproj", "{2347598F-AA20-A40D-591F-13E0DAFF2861}"
EndProject
Project("{23643FDE-D05D-05DC-2961-6A4738C47841}") = "MansionEscape_3.2", "Assembly-CSharp-Editor.csproj", "{45D6129D-CB28-C5DB-5A58-BB29BFF40702}"
EndProject
Global
	GlobalSection(SolutionConfigurationPlatforms) = preSolution
		Debug|Any CPU = Debug|Any CPU
		Release|Any CPU = Release|Any CPU
	EndGlobalSection
	GlobalSection(ProjectConfigurationPlatforms) = postSolution
		{45BF6DB7-435C-39D3-96AF-4ECF4E7AE56E}.Debug|Any CPU.ActiveCfg = Debug|Any CPU
		{45BF6DB7-435C-39D3-96AF-4ECF4E7AE56E}.Debug|Any CPU.Build.0 = Debug|Any CPU
		{45BF6DB7-435C-39D3-96AF-4ECF4E7AE56E}.Release|Any CPU.ActiveCfg = Release|Any CPU
		{45BF6DB7-435C-39D3-96AF-4ECF4E7AE56E}.Release|Any CPU.Build.0 = Release|Any CPU
		{2347598F-AA20-A40D-591F-13E0DAFF2861}.Debug|Any CPU.ActiveCfg = Debug|Any CPU
		{2347598F-AA20-A40D-591F-13E0DAFF2861}.Debug|Any CPU.Build.0 = Debug|Any CPU
		{2347598F-AA20-A40D-591F-13E0DAFF2861}.Release|Any CPU.ActiveCfg = Release|Any CPU
		{2347598F-AA20-A40D-591F-13E0DAFF2861}.Release|Any CPU.Build.0 = Release|Any CPU
		{45D6129D-CB28-C5DB-5A58-BB29BFF40702}.Debug|Any CPU.ActiveCfg = Debug|Any CPU
		{45D6129D-CB28-C5DB-5A58-BB29BFF40702}.Debug|Any CPU.Build.0 = Debug|Any CPU
		{45D6129D-CB28-C5DB-5A58-BB29BFF40702}.Release|Any CPU.ActiveCfg = Release|Any CPU
		{45D6129D-CB28-C5DB-5A58-BB29BFF40702}.Release|Any CPU.Build.0 = Release|Any CPU
	EndGlobalSection
	GlobalSection(SolutionProperties) = preSolution
		HideSolutionNode = FALSE
	EndGlobalSection
																																								GlobalSection(MonoDevelopProperties) = preSolution
		StartupItem = Assembly-CSharp.csproj
		Policies = $0
		$0.TextStylePolicy = $1
		$1.inheritsSet = null
		$1.scope = text/x-csharp
		$0.CSharpFormattingPolicy = $2
		$2.inheritsSet = Mono
		$2.inheritsScope = text/x-csharp
		$2.scope = text/x-csharp
		$0.TextStylePolicy = $3
		$3.FileWidth = 120
		$3.TabWidth = 4
		$3.IndentWidth = 4
		$3.EolMarker = Unix
		$3.inheritsSet = Mono
		$3.inheritsScope = text/plain
		$3.scope = text/plain
	EndGlobalSection

EndGlobal
