
Microsoft Visual Studio Solution File, Format Version 12.00
# Visual Studio 2015
Project("{FAE04EC0-301F-11D3-BF4B-00C04F79EFBC}") = "MansionEscape_3.2.CSharp.Plugins", "MansionEscape_3.2.CSharp.Plugins.csproj", "{6BDE3971-186E-56CB-A311-D5DC35F6230E}"
EndProject
Project("{FAE04EC0-301F-11D3-BF4B-00C04F79EFBC}") = "MansionEscape_3.2.CSharp", "MansionEscape_3.2.CSharp.csproj", "{ED8DC79C-FF2E-BE1F-073B-8B2A965FDE0C}"
EndProject
Project("{FAE04EC0-301F-11D3-BF4B-00C04F79EFBC}") = "MansionEscape_3.2.CSharp.Editor", "MansionEscape_3.2.CSharp.Editor.csproj", "{E8FA90A3-EF8A-9DE0-3205-548EA284A786}"
EndProject
Global
	GlobalSection(SolutionConfigurationPlatforms) = preSolution
		Debug|Any CPU = Debug|Any CPU
		Release|Any CPU = Release|Any CPU
	EndGlobalSection
	GlobalSection(ProjectConfigurationPlatforms) = postSolution
		{6BDE3971-186E-56CB-A311-D5DC35F6230E}.Debug|Any CPU.ActiveCfg = Debug|Any CPU
		{6BDE3971-186E-56CB-A311-D5DC35F6230E}.Debug|Any CPU.Build.0 = Debug|Any CPU
		{6BDE3971-186E-56CB-A311-D5DC35F6230E}.Release|Any CPU.ActiveCfg = Release|Any CPU
		{6BDE3971-186E-56CB-A311-D5DC35F6230E}.Release|Any CPU.Build.0 = Release|Any CPU
		{ED8DC79C-FF2E-BE1F-073B-8B2A965FDE0C}.Debug|Any CPU.ActiveCfg = Debug|Any CPU
		{ED8DC79C-FF2E-BE1F-073B-8B2A965FDE0C}.Debug|Any CPU.Build.0 = Debug|Any CPU
		{ED8DC79C-FF2E-BE1F-073B-8B2A965FDE0C}.Release|Any CPU.ActiveCfg = Release|Any CPU
		{ED8DC79C-FF2E-BE1F-073B-8B2A965FDE0C}.Release|Any CPU.Build.0 = Release|Any CPU
		{E8FA90A3-EF8A-9DE0-3205-548EA284A786}.Debug|Any CPU.ActiveCfg = Debug|Any CPU
		{E8FA90A3-EF8A-9DE0-3205-548EA284A786}.Debug|Any CPU.Build.0 = Debug|Any CPU
		{E8FA90A3-EF8A-9DE0-3205-548EA284A786}.Release|Any CPU.ActiveCfg = Release|Any CPU
		{E8FA90A3-EF8A-9DE0-3205-548EA284A786}.Release|Any CPU.Build.0 = Release|Any CPU
	EndGlobalSection
	GlobalSection(SolutionProperties) = preSolution
		HideSolutionNode = FALSE
	EndGlobalSection
EndGlobal
